
Microsoft Visual Studio Solution File, Format Version 12.00
# Visual Studio 15
VisualStudioVersion = 15.0.28307.136
MinimumVisualStudioVersion = 10.0.40219.1
Project("{8BC9CEB8-8B4A-11D0-8D11-00A0C91BC942}") = "方中圆", "图形学作业\图形学作业.vcxproj", "{78AAE287-48A1-4CB3-BE69-AF265A805A52}"
EndProject
Project("{8BC9CEB8-8B4A-11D0-8D11-00A0C91BC942}") = "Bresenham直线", "Bresenham直线\Bresenham直线.vcxproj", "{A2D86197-1669-4577-9DB0-637E117A73D0}"
EndProject
Project("{8BC9CEB8-8B4A-11D0-8D11-00A0C91BC942}") = "中点画圆", "中点画圆\中点画圆.vcxproj", "{B080361B-0CF3-420E-891F-7F7C6D3E2FBB}"
EndProject
Project("{8BC9CEB8-8B4A-11D0-8D11-00A0C91BC942}") = "填充", "填充\填充.vcxproj", "{6017EDE6-37B2-46E9-BF1A-2E791AEF07EA}"
EndProject
Project("{8BC9CEB8-8B4A-11D0-8D11-00A0C91BC942}") = "扫描线", "扫描线\扫描线.vcxproj", "{2415AA82-4CE3-4E88-A9EC-BACC4E8C2F9B}"
EndProject
Project("{8BC9CEB8-8B4A-11D0-8D11-00A0C91BC942}") = "倒水问题", "倒水问题\倒水问题.vcxproj", "{6C2092A4-715E-4F9C-A2CB-84A16826EC2D}"
EndProject
Project("{8BC9CEB8-8B4A-11D0-8D11-00A0C91BC942}") = "裁剪线段", "裁剪线段\裁剪线段.vcxproj", "{92848813-0B78-4352-AAAD-264829A0C2E4}"
EndProject
Project("{8BC9CEB8-8B4A-11D0-8D11-00A0C91BC942}") = "多边形裁剪", "多边形裁剪\多边形裁剪.vcxproj", "{1C33EC5B-C548-490A-903B-74EB56300B8D}"
EndProject
Project("{8BC9CEB8-8B4A-11D0-8D11-00A0C91BC942}") = "Bezier曲线", "Bezier曲线\Bezier曲线.vcxproj", "{40896548-B00D-4D5C-8B48-43B9727375F5}"
EndProject
Project("{8BC9CEB8-8B4A-11D0-8D11-00A0C91BC942}") = "B样条", "B样条\B样条.vcxproj", "{600A80DA-A483-4BD5-801C-A718BAD9CFB2}"
EndProject
Project("{8BC9CEB8-8B4A-11D0-8D11-00A0C91BC942}") = "Loop细分", "Loop细分\Loop细分.vcxproj", "{B68E628F-188E-46B7-9053-F876FC0524BB}"
EndProject
Project("{8BC9CEB8-8B4A-11D0-8D11-00A0C91BC942}") = "显示图形", "显示图形\显示图形.vcxproj", "{BD921FEC-311A-4815-BF1F-4D84B54D4992}"
EndProject
Global
	GlobalSection(SolutionConfigurationPlatforms) = preSolution
		Debug|x64 = Debug|x64
		Debug|x86 = Debug|x86
		Release|x64 = Release|x64
		Release|x86 = Release|x86
	EndGlobalSection
	GlobalSection(ProjectConfigurationPlatforms) = postSolution
		{78AAE287-48A1-4CB3-BE69-AF265A805A52}.Debug|x64.ActiveCfg = Debug|x64
		{78AAE287-48A1-4CB3-BE69-AF265A805A52}.Debug|x64.Build.0 = Debug|x64
		{78AAE287-48A1-4CB3-BE69-AF265A805A52}.Debug|x86.ActiveCfg = Debug|Win32
		{78AAE287-48A1-4CB3-BE69-AF265A805A52}.Debug|x86.Build.0 = Debug|Win32
		{78AAE287-48A1-4CB3-BE69-AF265A805A52}.Release|x64.ActiveCfg = Release|x64
		{78AAE287-48A1-4CB3-BE69-AF265A805A52}.Release|x64.Build.0 = Release|x64
		{78AAE287-48A1-4CB3-BE69-AF265A805A52}.Release|x86.ActiveCfg = Release|Win32
		{78AAE287-48A1-4CB3-BE69-AF265A805A52}.Release|x86.Build.0 = Release|Win32
		{A2D86197-1669-4577-9DB0-637E117A73D0}.Debug|x64.ActiveCfg = Debug|x64
		{A2D86197-1669-4577-9DB0-637E117A73D0}.Debug|x64.Build.0 = Debug|x64
		{A2D86197-1669-4577-9DB0-637E117A73D0}.Debug|x86.ActiveCfg = Debug|Win32
		{A2D86197-1669-4577-9DB0-637E117A73D0}.Debug|x86.Build.0 = Debug|Win32
		{A2D86197-1669-4577-9DB0-637E117A73D0}.Release|x64.ActiveCfg = Release|x64
		{A2D86197-1669-4577-9DB0-637E117A73D0}.Release|x64.Build.0 = Release|x64
		{A2D86197-1669-4577-9DB0-637E117A73D0}.Release|x86.ActiveCfg = Release|Win32
		{A2D86197-1669-4577-9DB0-637E117A73D0}.Release|x86.Build.0 = Release|Win32
		{B080361B-0CF3-420E-891F-7F7C6D3E2FBB}.Debug|x64.ActiveCfg = Debug|x64
		{B080361B-0CF3-420E-891F-7F7C6D3E2FBB}.Debug|x64.Build.0 = Debug|x64
		{B080361B-0CF3-420E-891F-7F7C6D3E2FBB}.Debug|x86.ActiveCfg = Debug|Win32
		{B080361B-0CF3-420E-891F-7F7C6D3E2FBB}.Debug|x86.Build.0 = Debug|Win32
		{B080361B-0CF3-420E-891F-7F7C6D3E2FBB}.Release|x64.ActiveCfg = Release|x64
		{B080361B-0CF3-420E-891F-7F7C6D3E2FBB}.Release|x64.Build.0 = Release|x64
		{B080361B-0CF3-420E-891F-7F7C6D3E2FBB}.Release|x86.ActiveCfg = Release|Win32
		{B080361B-0CF3-420E-891F-7F7C6D3E2FBB}.Release|x86.Build.0 = Release|Win32
		{6017EDE6-37B2-46E9-BF1A-2E791AEF07EA}.Debug|x64.ActiveCfg = Debug|x64
		{6017EDE6-37B2-46E9-BF1A-2E791AEF07EA}.Debug|x64.Build.0 = Debug|x64
		{6017EDE6-37B2-46E9-BF1A-2E791AEF07EA}.Debug|x86.ActiveCfg = Debug|Win32
		{6017EDE6-37B2-46E9-BF1A-2E791AEF07EA}.Debug|x86.Build.0 = Debug|Win32
		{6017EDE6-37B2-46E9-BF1A-2E791AEF07EA}.Release|x64.ActiveCfg = Release|x64
		{6017EDE6-37B2-46E9-BF1A-2E791AEF07EA}.Release|x64.Build.0 = Release|x64
		{6017EDE6-37B2-46E9-BF1A-2E791AEF07EA}.Release|x86.ActiveCfg = Release|Win32
		{6017EDE6-37B2-46E9-BF1A-2E791AEF07EA}.Release|x86.Build.0 = Release|Win32
		{2415AA82-4CE3-4E88-A9EC-BACC4E8C2F9B}.Debug|x64.ActiveCfg = Debug|x64
		{2415AA82-4CE3-4E88-A9EC-BACC4E8C2F9B}.Debug|x64.Build.0 = Debug|x64
		{2415AA82-4CE3-4E88-A9EC-BACC4E8C2F9B}.Debug|x86.ActiveCfg = Debug|Win32
		{2415AA82-4CE3-4E88-A9EC-BACC4E8C2F9B}.Debug|x86.Build.0 = Debug|Win32
		{2415AA82-4CE3-4E88-A9EC-BACC4E8C2F9B}.Release|x64.ActiveCfg = Release|x64
		{2415AA82-4CE3-4E88-A9EC-BACC4E8C2F9B}.Release|x64.Build.0 = Release|x64
		{2415AA82-4CE3-4E88-A9EC-BACC4E8C2F9B}.Release|x86.ActiveCfg = Release|Win32
		{2415AA82-4CE3-4E88-A9EC-BACC4E8C2F9B}.Release|x86.Build.0 = Release|Win32
		{6C2092A4-715E-4F9C-A2CB-84A16826EC2D}.Debug|x64.ActiveCfg = Debug|x64
		{6C2092A4-715E-4F9C-A2CB-84A16826EC2D}.Debug|x64.Build.0 = Debug|x64
		{6C2092A4-715E-4F9C-A2CB-84A16826EC2D}.Debug|x86.ActiveCfg = Debug|Win32
		{6C2092A4-715E-4F9C-A2CB-84A16826EC2D}.Debug|x86.Build.0 = Debug|Win32
		{6C2092A4-715E-4F9C-A2CB-84A16826EC2D}.Release|x64.ActiveCfg = Release|x64
		{6C2092A4-715E-4F9C-A2CB-84A16826EC2D}.Release|x64.Build.0 = Release|x64
		{6C2092A4-715E-4F9C-A2CB-84A16826EC2D}.Release|x86.ActiveCfg = Release|Win32
		{6C2092A4-715E-4F9C-A2CB-84A16826EC2D}.Release|x86.Build.0 = Release|Win32
		{92848813-0B78-4352-AAAD-264829A0C2E4}.Debug|x64.ActiveCfg = Debug|x64
		{92848813-0B78-4352-AAAD-264829A0C2E4}.Debug|x64.Build.0 = Debug|x64
		{92848813-0B78-4352-AAAD-264829A0C2E4}.Debug|x86.ActiveCfg = Debug|Win32
		{92848813-0B78-4352-AAAD-264829A0C2E4}.Debug|x86.Build.0 = Debug|Win32
		{92848813-0B78-4352-AAAD-264829A0C2E4}.Release|x64.ActiveCfg = Release|x64
		{92848813-0B78-4352-AAAD-264829A0C2E4}.Release|x64.Build.0 = Release|x64
		{92848813-0B78-4352-AAAD-264829A0C2E4}.Release|x86.ActiveCfg = Release|Win32
		{92848813-0B78-4352-AAAD-264829A0C2E4}.Release|x86.Build.0 = Release|Win32
		{1C33EC5B-C548-490A-903B-74EB56300B8D}.Debug|x64.ActiveCfg = Debug|x64
		{1C33EC5B-C548-490A-903B-74EB56300B8D}.Debug|x64.Build.0 = Debug|x64
		{1C33EC5B-C548-490A-903B-74EB56300B8D}.Debug|x86.ActiveCfg = Debug|Win32
		{1C33EC5B-C548-490A-903B-74EB56300B8D}.Debug|x86.Build.0 = Debug|Win32
		{1C33EC5B-C548-490A-903B-74EB56300B8D}.Release|x64.ActiveCfg = Release|x64
		{1C33EC5B-C548-490A-903B-74EB56300B8D}.Release|x64.Build.0 = Release|x64
		{1C33EC5B-C548-490A-903B-74EB56300B8D}.Release|x86.ActiveCfg = Release|Win32
		{1C33EC5B-C548-490A-903B-74EB56300B8D}.Release|x86.Build.0 = Release|Win32
		{40896548-B00D-4D5C-8B48-43B9727375F5}.Debug|x64.ActiveCfg = Debug|x64
		{40896548-B00D-4D5C-8B48-43B9727375F5}.Debug|x64.Build.0 = Debug|x64
		{40896548-B00D-4D5C-8B48-43B9727375F5}.Debug|x86.ActiveCfg = Debug|Win32
		{40896548-B00D-4D5C-8B48-43B9727375F5}.Debug|x86.Build.0 = Debug|Win32
		{40896548-B00D-4D5C-8B48-43B9727375F5}.Release|x64.ActiveCfg = Release|x64
		{40896548-B00D-4D5C-8B48-43B9727375F5}.Release|x64.Build.0 = Release|x64
		{40896548-B00D-4D5C-8B48-43B9727375F5}.Release|x86.ActiveCfg = Release|Win32
		{40896548-B00D-4D5C-8B48-43B9727375F5}.Release|x86.Build.0 = Release|Win32
		{600A80DA-A483-4BD5-801C-A718BAD9CFB2}.Debug|x64.ActiveCfg = Debug|x64
		{600A80DA-A483-4BD5-801C-A718BAD9CFB2}.Debug|x64.Build.0 = Debug|x64
		{600A80DA-A483-4BD5-801C-A718BAD9CFB2}.Debug|x86.ActiveCfg = Debug|Win32
		{600A80DA-A483-4BD5-801C-A718BAD9CFB2}.Debug|x86.Build.0 = Debug|Win32
		{600A80DA-A483-4BD5-801C-A718BAD9CFB2}.Release|x64.ActiveCfg = Release|x64
		{600A80DA-A483-4BD5-801C-A718BAD9CFB2}.Release|x64.Build.0 = Release|x64
		{600A80DA-A483-4BD5-801C-A718BAD9CFB2}.Release|x86.ActiveCfg = Release|Win32
		{600A80DA-A483-4BD5-801C-A718BAD9CFB2}.Release|x86.Build.0 = Release|Win32
		{B68E628F-188E-46B7-9053-F876FC0524BB}.Debug|x64.ActiveCfg = Debug|x64
		{B68E628F-188E-46B7-9053-F876FC0524BB}.Debug|x64.Build.0 = Debug|x64
		{B68E628F-188E-46B7-9053-F876FC0524BB}.Debug|x86.ActiveCfg = Debug|Win32
		{B68E628F-188E-46B7-9053-F876FC0524BB}.Debug|x86.Build.0 = Debug|Win32
		{B68E628F-188E-46B7-9053-F876FC0524BB}.Release|x64.ActiveCfg = Release|x64
		{B68E628F-188E-46B7-9053-F876FC0524BB}.Release|x64.Build.0 = Release|x64
		{B68E628F-188E-46B7-9053-F876FC0524BB}.Release|x86.ActiveCfg = Release|Win32
		{B68E628F-188E-46B7-9053-F876FC0524BB}.Release|x86.Build.0 = Release|Win32
		{BD921FEC-311A-4815-BF1F-4D84B54D4992}.Debug|x64.ActiveCfg = Debug|x64
		{BD921FEC-311A-4815-BF1F-4D84B54D4992}.Debug|x64.Build.0 = Debug|x64
		{BD921FEC-311A-4815-BF1F-4D84B54D4992}.Debug|x86.ActiveCfg = Debug|Win32
		{BD921FEC-311A-4815-BF1F-4D84B54D4992}.Debug|x86.Build.0 = Debug|Win32
		{BD921FEC-311A-4815-BF1F-4D84B54D4992}.Release|x64.ActiveCfg = Release|x64
		{BD921FEC-311A-4815-BF1F-4D84B54D4992}.Release|x64.Build.0 = Release|x64
		{BD921FEC-311A-4815-BF1F-4D84B54D4992}.Release|x86.ActiveCfg = Release|Win32
		{BD921FEC-311A-4815-BF1F-4D84B54D4992}.Release|x86.Build.0 = Release|Win32
	EndGlobalSection
	GlobalSection(SolutionProperties) = preSolution
		HideSolutionNode = FALSE
	EndGlobalSection
	GlobalSection(ExtensibilityGlobals) = postSolution
		SolutionGuid = {04622F6C-5741-4905-93D4-49AD49C92B15}
	EndGlobalSection
EndGlobal
