
Microsoft Visual Studio Solution File, Format Version 12.00
# Visual Studio Version 16
VisualStudioVersion = 16.0.30114.105
MinimumVisualStudioVersion = 10.0.40219.1
Project("{8BC9CEB8-8B4A-11D0-8D11-00A0C91BC942}") = "Compile", "Compile\Compile.vcxproj", "{789E737B-0D81-4058-AA03-6E102B38397B}"
EndProject
Global
	GlobalSection(SolutionConfigurationPlatforms) = preSolution
		Debug|x64 = Debug|x64
		Debug|x86 = Debug|x86
		Release|x64 = Release|x64
		Release|x86 = Release|x86
	EndGlobalSection
	GlobalSection(ProjectConfigurationPlatforms) = postSolution
		{789E737B-0D81-4058-AA03-6E102B38397B}.Debug|x64.ActiveCfg = Debug|x64
		{789E737B-0D81-4058-AA03-6E102B38397B}.Debug|x64.Build.0 = Debug|x64
		{789E737B-0D81-4058-AA03-6E102B38397B}.Debug|x86.ActiveCfg = Debug|Win32
		{789E737B-0D81-4058-AA03-6E102B38397B}.Debug|x86.Build.0 = Debug|Win32
		{789E737B-0D81-4058-AA03-6E102B38397B}.Release|x64.ActiveCfg = Release|x64
		{789E737B-0D81-4058-AA03-6E102B38397B}.Release|x64.Build.0 = Release|x64
		{789E737B-0D81-4058-AA03-6E102B38397B}.Release|x86.ActiveCfg = Release|Win32
		{789E737B-0D81-4058-AA03-6E102B38397B}.Release|x86.Build.0 = Release|Win32
	EndGlobalSection
	GlobalSection(SolutionProperties) = preSolution
		HideSolutionNode = FALSE
	EndGlobalSection
	GlobalSection(ExtensibilityGlobals) = postSolution
		SolutionGuid = {670216C9-BF03-48C2-9E4F-9AB4DA84E51E}
	EndGlobalSection
EndGlobal
